<?xml version="1.0" encoding="utf-8"?>
<Project ToolsVersion="4.0" xmlns="http://schemas.microsoft.com/developer/msbuild/2003">
  <ItemGroup>
    <Filter Include="Source Files">
      <UniqueIdentifier>{4FC737F1-C7A5-4376-A066-2A32D752A2FF}</UniqueIdentifier>
      <Extensions>cpp;c;cc;cxx;def;odl;idl;hpj;bat;asm;asmx</Extensions>
    </Filter>
    <Filter Include="Header Files">
      <UniqueIdentifier>{93995380-89BD-4b04-88EB-625FBE52EBFB}</UniqueIdentifier>
      <Extensions>h;hh;hpp;hxx;hm;inl;inc;xsd</Extensions>
    </Filter>
    <Filter Include="Resource Files">
      <UniqueIdentifier>{67DA6AB6-F800-4c08-8B7A-83BB121AAD01}</UniqueIdentifier>
      <Extensions>rc;ico;cur;bmp;dlg;rc2;rct;bin;rgs;gif;jpg;jpeg;jpe;resx;tiff;tif;png;wav</Extensions>
    </Filter>
  </ItemGroup>
  <ItemGroup>
    <ClCompile Include="intermediate6\GameDriver.cpp">
      <Filter>Source Files</Filter>
    </ClCompile>
    <ClCompile Include="intermediate6\GameLogDecorator.cpp">
      <Filter>Source Files</Filter>
    </ClCompile>
    <ClCompile Include="intermediate6\GameLogPhase.cpp">
      <Filter>Source Files</Filter>
    </ClCompile>
    <ClCompile Include="intermediate6\GameLog_AllPhase_OnePlayer.cpp">
      <Filter>Source Files</Filter>
    </ClCompile>
    <ClCompile Include="intermediate6\GameLog_Observer.cpp">
      <Filter>Source Files</Filter>
    </ClCompile>
    <ClCompile Include="intermediate6\GameLog_OnePhase_AllPlayer.cpp">
      <Filter>Source Files</Filter>
    </ClCompile>
    <ClCompile Include="intermediate6\GameLog_OnePhase_OnePlayer.cpp">
      <Filter>Source Files</Filter>
    </ClCompile>
    <ClCompile Include="intermediate6\GameLog_Subject.cpp">
      <Filter>Source Files</Filter>
    </ClCompile>
    <ClCompile Include="intermediate6\Map.cpp">
      <Filter>Source Files</Filter>
    </ClCompile>
    <ClCompile Include="intermediate6\MapView.cpp">
      <Filter>Source Files</Filter>
    </ClCompile>
    <ClCompile Include="intermediate6\Observable.cpp">
      <Filter>Source Files</Filter>
    </ClCompile>
    <ClCompile Include="intermediate6\Observer.cpp">
      <Filter>Source Files</Filter>
    </ClCompile>
    <ClCompile Include="intermediate6\Player.cpp">
      <Filter>Source Files</Filter>
    </ClCompile>
    <ClCompile Include="intermediate6\PowerPlantMarket.cpp">
      <Filter>Source Files</Filter>
    </ClCompile>
    <ClCompile Include="intermediate6\PowerPlantMarket_Observer.cpp">
      <Filter>Source Files</Filter>
    </ClCompile>
    <ClCompile Include="intermediate6\pugixml.cpp">
      <Filter>Source Files</Filter>
    </ClCompile>
    <ClCompile Include="intermediate6\ResourceMarket.cpp">
      <Filter>Source Files</Filter>
    </ClCompile>
    <ClCompile Include="intermediate6\SummaryCard.cpp">
      <Filter>Source Files</Filter>
    </ClCompile>
    <ClCompile Include="Intermediate6\GameLog_AllPhase_AllPlayer.cpp">
      <Filter>Source Files</Filter>
    </ClCompile>
    <ClCompile Include="Intermediate6\ASubject.cpp">
      <Filter>Source Files</Filter>
    </ClCompile>
    <ClCompile Include="Intermediate6\PlayerView.cpp">
      <Filter>Source Files</Filter>
    </ClCompile>
    <ClCompile Include="Intermediate6\Strategy.cpp">
      <Filter>Source Files</Filter>
    </ClCompile>
    <ClCompile Include="Intermediate6\ResourceMarket_Observer.cpp">
      <Filter>Source Files</Filter>
    </ClCompile>
  </ItemGroup>
  <ItemGroup>
    <ClInclude Include="intermediate6\GameDriver.h">
      <Filter>Header Files</Filter>
    </ClInclude>
    <ClInclude Include="intermediate6\GameLogDecorator.h">
      <Filter>Header Files</Filter>
    </ClInclude>
    <ClInclude Include="intermediate6\GameLogPhase.h">
      <Filter>Header Files</Filter>
    </ClInclude>
    <ClInclude Include="intermediate6\GameLog_AllPhase_OnePlayer.h">
      <Filter>Header Files</Filter>
    </ClInclude>
    <ClInclude Include="intermediate6\GameLog_Observer.h">
      <Filter>Header Files</Filter>
    </ClInclude>
    <ClInclude Include="intermediate6\GameLog_OnePhase_AllPlayer.h">
      <Filter>Header Files</Filter>
    </ClInclude>
    <ClInclude Include="intermediate6\GameLog_OnePhase_OnePlayer.h">
      <Filter>Header Files</Filter>
    </ClInclude>
    <ClInclude Include="intermediate6\GameLog_Subject.h">
      <Filter>Header Files</Filter>
    </ClInclude>
    <ClInclude Include="intermediate6\House.h">
      <Filter>Header Files</Filter>
    </ClInclude>
    <ClInclude Include="intermediate6\Map.h">
      <Filter>Header Files</Filter>
    </ClInclude>
    <ClInclude Include="intermediate6\MapView.h">
      <Filter>Header Files</Filter>
    </ClInclude>
    <ClInclude Include="intermediate6\Observable.h">
      <Filter>Header Files</Filter>
    </ClInclude>
    <ClInclude Include="intermediate6\Observer.h">
      <Filter>Header Files</Filter>
    </ClInclude>
    <ClInclude Include="intermediate6\Player.h">
      <Filter>Header Files</Filter>
    </ClInclude>
    <ClInclude Include="intermediate6\PowerPlant.h">
      <Filter>Header Files</Filter>
    </ClInclude>
    <ClInclude Include="intermediate6\PowerPlantMarket.h">
      <Filter>Header Files</Filter>
    </ClInclude>
    <ClInclude Include="intermediate6\PowerPlantMarket_Observer.h">
      <Filter>Header Files</Filter>
    </ClInclude>
    <ClInclude Include="intermediate6\ResourceMarket.h">
      <Filter>Header Files</Filter>
    </ClInclude>
    <ClInclude Include="intermediate6\SummaryCard.h">
      <Filter>Header Files</Filter>
    </ClInclude>
    <ClInclude Include="intermediate6\pugiconfig.hpp">
      <Filter>Header Files</Filter>
    </ClInclude>
    <ClInclude Include="intermediate6\pugixml.hpp">
      <Filter>Header Files</Filter>
    </ClInclude>
    <ClInclude Include="Intermediate6\GameLog_AllPhase_AllPlayer.h">
      <Filter>Header Files</Filter>
    </ClInclude>
    <ClInclude Include="Intermediate6\ResourceMarket_Observer.h">
      <Filter>Header Files</Filter>
    </ClInclude>
    <ClInclude Include="..\..\..\Downloads\COMP345S-26375200-Assn3\IObserver.h">
      <Filter>Header Files</Filter>
    </ClInclude>
    <ClInclude Include="Intermediate6\ASubject.h">
      <Filter>Header Files</Filter>
    </ClInclude>
    <ClInclude Include="Intermediate6\PlayerView.h">
      <Filter>Header Files</Filter>
    </ClInclude>
    <ClInclude Include="Intermediate6\Strategy.h">
      <Filter>Header Files</Filter>
    </ClInclude>
  </ItemGroup>
</Project>